
Microsoft Visual Studio Solution File, Format Version 12.00
# Visual Studio Version 16
VisualStudioVersion = 16.0.30413.136
MinimumVisualStudioVersion = 10.0.40219.1
Project("{9A19103F-16F7-4668-BE54-9A1E7A4F7556}") = "Actividad 3 Navegacion Paginas web", "Actividad 3 Navegacion Paginas web\Actividad 3 Navegacion Paginas web.csproj", "{3B836C63-D4F4-45FB-AA6E-6A78CFA8E56D}"
EndProject
Project("{9A19103F-16F7-4668-BE54-9A1E7A4F7556}") = "Actividad 4 Routing", "Actividad 4 Routing\Actividad 4 Routing.csproj", "{80749D04-876A-4780-B530-3514C7D9A2D5}"
EndProject
Project("{FAE04EC0-301F-11D3-BF4B-00C04F79EFBC}") = "Actividad 5 Services", "Actividad 5 Services\Actividad 5 Services.csproj", "{413D8B02-BEBE-4073-BA5E-753FEAC1EF28}"
EndProject
Global
	GlobalSection(SolutionConfigurationPlatforms) = preSolution
		Debug|Any CPU = Debug|Any CPU
		Release|Any CPU = Release|Any CPU
	EndGlobalSection
	GlobalSection(ProjectConfigurationPlatforms) = postSolution
		{3B836C63-D4F4-45FB-AA6E-6A78CFA8E56D}.Debug|Any CPU.ActiveCfg = Debug|Any CPU
		{3B836C63-D4F4-45FB-AA6E-6A78CFA8E56D}.Debug|Any CPU.Build.0 = Debug|Any CPU
		{3B836C63-D4F4-45FB-AA6E-6A78CFA8E56D}.Release|Any CPU.ActiveCfg = Release|Any CPU
		{3B836C63-D4F4-45FB-AA6E-6A78CFA8E56D}.Release|Any CPU.Build.0 = Release|Any CPU
		{80749D04-876A-4780-B530-3514C7D9A2D5}.Debug|Any CPU.ActiveCfg = Debug|Any CPU
		{80749D04-876A-4780-B530-3514C7D9A2D5}.Debug|Any CPU.Build.0 = Debug|Any CPU
		{80749D04-876A-4780-B530-3514C7D9A2D5}.Release|Any CPU.ActiveCfg = Release|Any CPU
		{80749D04-876A-4780-B530-3514C7D9A2D5}.Release|Any CPU.Build.0 = Release|Any CPU
		{413D8B02-BEBE-4073-BA5E-753FEAC1EF28}.Debug|Any CPU.ActiveCfg = Debug|Any CPU
		{413D8B02-BEBE-4073-BA5E-753FEAC1EF28}.Debug|Any CPU.Build.0 = Debug|Any CPU
		{413D8B02-BEBE-4073-BA5E-753FEAC1EF28}.Release|Any CPU.ActiveCfg = Release|Any CPU
		{413D8B02-BEBE-4073-BA5E-753FEAC1EF28}.Release|Any CPU.Build.0 = Release|Any CPU
	EndGlobalSection
	GlobalSection(SolutionProperties) = preSolution
		HideSolutionNode = FALSE
	EndGlobalSection
	GlobalSection(ExtensibilityGlobals) = postSolution
		SolutionGuid = {C5FB05D2-266C-47B9-A58A-B06ABEA725DC}
	EndGlobalSection
EndGlobal
